github.com/ozankasikci/go-image-merge v0.2.2 h1:K370BLLTIsamwjAeViiPntf7GiG3h9pXzDmxXCbN8/0=
github.com/ozankasikci/go-image-merge v0.2.2/go.mod h1:NQ2aN0b21buFx3p+5x4dZrKuPSLh2uBukK7F30BrYTo=
github.com/ozankasikci/go-image-merge v0.2.3-0.20220620190453-66fdff081378 h1:zDe456QV/YAw3UA104Z5vtcsL4VTSNTIzWII9sIL4nk=
github.com/ozankasikci/go-image-merge v0.2.3-0.20220620190453-66fdff081378/go.mod h1:NQ2aN0b21buFx3p+5x4dZrKuPSLh2uBukK7F30BrYTo=
